
Microsoft Visual Studio Solution File, Format Version 12.00
# Visual Studio Version 16
VisualStudioVersion = 16.0.30611.23
MinimumVisualStudioVersion = 10.0.40219.1
Project("{FAE04EC0-301F-11D3-BF4B-00C04F79EFBC}") = "Sumatoria", "Sumatoria.csproj", "{4D11A261-011C-4D4D-AF3B-E698C5D4571B}"
EndProject
Project("{FAE04EC0-301F-11D3-BF4B-00C04F79EFBC}") = "NumerosComplejos", "..\NuemerosComplejos\NumerosComplejos.csproj", "{6E8BA770-0ACD-4CE1-89DF-8699FF62FBEF}"
EndProject
Project("{FAE04EC0-301F-11D3-BF4B-00C04F79EFBC}") = "PruebaPractica1", "..\PruebaPractica1\PruebaPractica1.csproj", "{540C8EB4-7AC8-454E-8577-16813107B635}"
EndProject
Project("{FAE04EC0-301F-11D3-BF4B-00C04F79EFBC}") = "Matrices", "..\Matrices\Matrices.csproj", "{29C5E50B-468D-4D47-A72D-7A0A618E7C63}"
EndProject
Project("{FAE04EC0-301F-11D3-BF4B-00C04F79EFBC}") = "Calculadora de bases", "..\Calculadora de bases\Calculadora de bases.csproj", "{77F61217-DCCA-4BE2-88A1-4B58426624F8}"
EndProject
Global
	GlobalSection(SolutionConfigurationPlatforms) = preSolution
		Debug|Any CPU = Debug|Any CPU
		Release|Any CPU = Release|Any CPU
	EndGlobalSection
	GlobalSection(ProjectConfigurationPlatforms) = postSolution
		{4D11A261-011C-4D4D-AF3B-E698C5D4571B}.Debug|Any CPU.ActiveCfg = Debug|Any CPU
		{4D11A261-011C-4D4D-AF3B-E698C5D4571B}.Debug|Any CPU.Build.0 = Debug|Any CPU
		{4D11A261-011C-4D4D-AF3B-E698C5D4571B}.Release|Any CPU.ActiveCfg = Release|Any CPU
		{4D11A261-011C-4D4D-AF3B-E698C5D4571B}.Release|Any CPU.Build.0 = Release|Any CPU
		{6E8BA770-0ACD-4CE1-89DF-8699FF62FBEF}.Debug|Any CPU.ActiveCfg = Debug|Any CPU
		{6E8BA770-0ACD-4CE1-89DF-8699FF62FBEF}.Debug|Any CPU.Build.0 = Debug|Any CPU
		{6E8BA770-0ACD-4CE1-89DF-8699FF62FBEF}.Release|Any CPU.ActiveCfg = Release|Any CPU
		{6E8BA770-0ACD-4CE1-89DF-8699FF62FBEF}.Release|Any CPU.Build.0 = Release|Any CPU
		{540C8EB4-7AC8-454E-8577-16813107B635}.Debug|Any CPU.ActiveCfg = Debug|Any CPU
		{540C8EB4-7AC8-454E-8577-16813107B635}.Debug|Any CPU.Build.0 = Debug|Any CPU
		{540C8EB4-7AC8-454E-8577-16813107B635}.Release|Any CPU.ActiveCfg = Release|Any CPU
		{540C8EB4-7AC8-454E-8577-16813107B635}.Release|Any CPU.Build.0 = Release|Any CPU
		{29C5E50B-468D-4D47-A72D-7A0A618E7C63}.Debug|Any CPU.ActiveCfg = Debug|Any CPU
		{29C5E50B-468D-4D47-A72D-7A0A618E7C63}.Debug|Any CPU.Build.0 = Debug|Any CPU
		{29C5E50B-468D-4D47-A72D-7A0A618E7C63}.Release|Any CPU.ActiveCfg = Release|Any CPU
		{29C5E50B-468D-4D47-A72D-7A0A618E7C63}.Release|Any CPU.Build.0 = Release|Any CPU
		{77F61217-DCCA-4BE2-88A1-4B58426624F8}.Debug|Any CPU.ActiveCfg = Debug|Any CPU
		{77F61217-DCCA-4BE2-88A1-4B58426624F8}.Debug|Any CPU.Build.0 = Debug|Any CPU
		{77F61217-DCCA-4BE2-88A1-4B58426624F8}.Release|Any CPU.ActiveCfg = Release|Any CPU
		{77F61217-DCCA-4BE2-88A1-4B58426624F8}.Release|Any CPU.Build.0 = Release|Any CPU
	EndGlobalSection
	GlobalSection(SolutionProperties) = preSolution
		HideSolutionNode = FALSE
	EndGlobalSection
	GlobalSection(ExtensibilityGlobals) = postSolution
		SolutionGuid = {1ECF69B5-096E-4FFB-A569-5B75DA6F6A99}
	EndGlobalSection
EndGlobal
